
Microsoft Visual Studio Solution File, Format Version 12.00
# Visual Studio Version 17
VisualStudioVersion = 17.13.35825.156 d17.13
MinimumVisualStudioVersion = 10.0.40219.1
Project("{FAE04EC0-301F-11D3-BF4B-00C04F79EFBC}") = "SpendSmart", "SpendSmart\SpendSmart.csproj", "{FA6C9511-7BC8-451E-B2E0-EC50F55734C3}"
EndProject
Global
	GlobalSection(SolutionConfigurationPlatforms) = preSolution
		Debug|Any CPU = Debug|Any CPU
		Release|Any CPU = Release|Any CPU
	EndGlobalSection
	GlobalSection(ProjectConfigurationPlatforms) = postSolution
		{FA6C9511-7BC8-451E-B2E0-EC50F55734C3}.Debug|Any CPU.ActiveCfg = Debug|Any CPU
		{FA6C9511-7BC8-451E-B2E0-EC50F55734C3}.Debug|Any CPU.Build.0 = Debug|Any CPU
		{FA6C9511-7BC8-451E-B2E0-EC50F55734C3}.Release|Any CPU.ActiveCfg = Release|Any CPU
		{FA6C9511-7BC8-451E-B2E0-EC50F55734C3}.Release|Any CPU.Build.0 = Release|Any CPU
	EndGlobalSection
	GlobalSection(SolutionProperties) = preSolution
		HideSolutionNode = FALSE
	EndGlobalSection
	GlobalSection(ExtensibilityGlobals) = postSolution
		SolutionGuid = {EC54EE6F-3CDB-41E7-A400-FFA1C3E9E102}
	EndGlobalSection
EndGlobal
